
Microsoft Visual Studio Solution File, Format Version 12.00
# Visual Studio Version 17
VisualStudioVersion = 17.3.32819.101
MinimumVisualStudioVersion = 10.0.40219.1
Project("{888888A0-9F3D-457C-B088-3A5042F75D52}") = "Tsugunov.LOGITpv22", "Tsugunov.LOGITpv22.pyproj", "{FE12B5C8-C3C7-40BC-AF62-FC997391F780}"
EndProject
Global
	GlobalSection(SolutionConfigurationPlatforms) = preSolution
		Debug|Any CPU = Debug|Any CPU
		Release|Any CPU = Release|Any CPU
	EndGlobalSection
	GlobalSection(ProjectConfigurationPlatforms) = postSolution
		{FE12B5C8-C3C7-40BC-AF62-FC997391F780}.Debug|Any CPU.ActiveCfg = Debug|Any CPU
		{FE12B5C8-C3C7-40BC-AF62-FC997391F780}.Release|Any CPU.ActiveCfg = Release|Any CPU
	EndGlobalSection
	GlobalSection(SolutionProperties) = preSolution
		HideSolutionNode = FALSE
	EndGlobalSection
	GlobalSection(ExtensibilityGlobals) = postSolution
		SolutionGuid = {6A151C97-3B25-4044-928C-9642B1C8C3CC}
	EndGlobalSection
EndGlobal
